
Microsoft Visual Studio Solution File, Format Version 12.00
# Visual Studio Version 16
VisualStudioVersion = 16.0.31624.102
MinimumVisualStudioVersion = 10.0.40219.1
Project("{FAE04EC0-301F-11D3-BF4B-00C04F79EFBC}") = "bai thuc hanh 2", "bai thuc hanh 2\bai thuc hanh 2.csproj", "{3EC90A8F-4C08-4364-8B90-2CB8D4C07BC1}"
EndProject
Global
	GlobalSection(SolutionConfigurationPlatforms) = preSolution
		Debug|Any CPU = Debug|Any CPU
		Release|Any CPU = Release|Any CPU
	EndGlobalSection
	GlobalSection(ProjectConfigurationPlatforms) = postSolution
		{3EC90A8F-4C08-4364-8B90-2CB8D4C07BC1}.Debug|Any CPU.ActiveCfg = Debug|Any CPU
		{3EC90A8F-4C08-4364-8B90-2CB8D4C07BC1}.Debug|Any CPU.Build.0 = Debug|Any CPU
		{3EC90A8F-4C08-4364-8B90-2CB8D4C07BC1}.Release|Any CPU.ActiveCfg = Release|Any CPU
		{3EC90A8F-4C08-4364-8B90-2CB8D4C07BC1}.Release|Any CPU.Build.0 = Release|Any CPU
	EndGlobalSection
	GlobalSection(SolutionProperties) = preSolution
		HideSolutionNode = FALSE
	EndGlobalSection
	GlobalSection(ExtensibilityGlobals) = postSolution
		SolutionGuid = {9F7DEE65-3B6F-4EE1-A2FB-E0575DB339C9}
	EndGlobalSection
EndGlobal
